{
  "originHash" : "9adda7b3b55a0abd78d944f3c40eee2de90f509dcb9aeb3897ac3207c6a973c4",
  "pins" : [
    {
      "identity" : "commonmark-swift",
      "kind" : "remoteSourceControl",
      "location" : "https://github.com/chriseidhof/commonmark-swift.git",
      "state" : {
        "branch" : "master",
        "revision" : "5b1de5a072f2bb89b7b1cf1ecb69ce4582561efa"
      }
    }
  ],
  "version" : 3
}
